<?xml version="1.0" encoding="utf-8"?>
<Project ToolsVersion="4.0" xmlns="http://schemas.microsoft.com/developer/msbuild/2003">
  <ItemGroup>
    <Filter Include="Source Files">
      <UniqueIdentifier>{4FC737F1-C7A5-4376-A066-2A32D752A2FF}</UniqueIdentifier>
      <Extensions>cpp;c;cc;cxx;c++;cppm;ixx;def;odl;idl;hpj;bat;asm;asmx</Extensions>
    </Filter>
    <Filter Include="Header Files">
      <UniqueIdentifier>{93995380-89BD-4b04-88EB-625FBE52EBFB}</UniqueIdentifier>
      <Extensions>h;hh;hpp;hxx;h++;hm;inl;inc;ipp;xsd</Extensions>
    </Filter>
    <Filter Include="Resource Files">
      <UniqueIdentifier>{67DA6AB6-F800-4c08-8B7A-83BB121AAD01}</UniqueIdentifier>
      <Extensions>rc;ico;cur;bmp;dlg;rc2;rct;bin;rgs;gif;jpg;jpeg;jpe;resx;tiff;tif;png;wav;mfcribbon-ms</Extensions>
    </Filter>
  </ItemGroup>
  <ItemGroup>
    <ClCompile Include="Bank.cpp">
      <Filter>Source Files</Filter>
    </ClCompile>
    <ClCompile Include="clsInputValidation.cpp">
      <Filter>Source Files</Filter>
    </ClCompile>
    <ClCompile Include="Person.cpp">
      <Filter>Source Files</Filter>
    </ClCompile>
    <ClCompile Include="Client.cpp">
      <Filter>Source Files</Filter>
    </ClCompile>
    <ClCompile Include="ClientsManager.cpp">
      <Filter>Source Files</Filter>
    </ClCompile>
    <ClCompile Include="Utility.cpp">
      <Filter>Source Files</Filter>
    </ClCompile>
    <ClCompile Include="Screen.cpp">
      <Filter>Source Files</Filter>
    </ClCompile>
    <ClCompile Include="MainScreen.cpp">
      <Filter>Source Files</Filter>
    </ClCompile>
    <ClCompile Include="ListClientsScreen.cpp">
      <Filter>Source Files</Filter>
    </ClCompile>
    <ClCompile Include="AddNewClientScreen.cpp">
      <Filter>Source Files</Filter>
    </ClCompile>
    <ClCompile Include="DeleteClientScreen.cpp">
      <Filter>Source Files</Filter>
    </ClCompile>
    <ClCompile Include="UpdateClientScreen.cpp">
      <Filter>Source Files</Filter>
    </ClCompile>
    <ClCompile Include="FindClientScreen.cpp">
      <Filter>Source Files</Filter>
    </ClCompile>
    <ClCompile Include="TransactionScreen.cpp">
      <Filter>Source Files</Filter>
    </ClCompile>
    <ClCompile Include="DepositeScreen.cpp">
      <Filter>Source Files</Filter>
    </ClCompile>
    <ClCompile Include="TransactionsManager.cpp">
      <Filter>Source Files</Filter>
    </ClCompile>
    <ClCompile Include="WithdrawlScreen.cpp">
      <Filter>Source Files</Filter>
    </ClCompile>
    <ClCompile Include="ShowTotalBalanceScreen.cpp">
      <Filter>Source Files</Filter>
    </ClCompile>
    <ClCompile Include="User.cpp">
      <Filter>Source Files</Filter>
    </ClCompile>
    <ClCompile Include="ManageUsersScreen.cpp">
      <Filter>Source Files</Filter>
    </ClCompile>
    <ClCompile Include="UsersManager.cpp">
      <Filter>Source Files</Filter>
    </ClCompile>
    <ClCompile Include="ListUsersScreen.cpp">
      <Filter>Source Files</Filter>
    </ClCompile>
    <ClCompile Include="AddNewUserScreen.cpp">
      <Filter>Source Files</Filter>
    </ClCompile>
    <ClCompile Include="DeleteUserScreen.cpp">
      <Filter>Source Files</Filter>
    </ClCompile>
    <ClCompile Include="UpdateUserScreen.cpp">
      <Filter>Source Files</Filter>
    </ClCompile>
    <ClCompile Include="FindUserScreen.cpp">
      <Filter>Source Files</Filter>
    </ClCompile>
    <ClCompile Include="PermissionsManager.cpp">
      <Filter>Source Files</Filter>
    </ClCompile>
    <ClCompile Include="ManagePermissionsScreen.cpp">
      <Filter>Source Files</Filter>
    </ClCompile>
    <ClCompile Include="GrantPermissionScreen.cpp">
      <Filter>Source Files</Filter>
    </ClCompile>
    <ClCompile Include="RevokePermissionScreen.cpp">
      <Filter>Source Files</Filter>
    </ClCompile>
    <ClCompile Include="ClearPermissionsScreen.cpp">
      <Filter>Source Files</Filter>
    </ClCompile>
    <ClCompile Include="ListPermissionsScreen.cpp">
      <Filter>Source Files</Filter>
    </ClCompile>
    <ClCompile Include="CheckPermissionScreen.cpp">
      <Filter>Source Files</Filter>
    </ClCompile>
    <ClCompile Include="LoginManager.cpp">
      <Filter>Source Files</Filter>
    </ClCompile>
    <ClCompile Include="LoginScreen.cpp">
      <Filter>Source Files</Filter>
    </ClCompile>
    <ClCompile Include="Session.cpp">
      <Filter>Source Files</Filter>
    </ClCompile>
    <ClCompile Include="ChangeOutputColor.cpp">
      <Filter>Source Files</Filter>
    </ClCompile>
    <ClCompile Include="DateTime.cpp">
      <Filter>Source Files</Filter>
    </ClCompile>
    <ClCompile Include="Logger.cpp">
      <Filter>Source Files</Filter>
    </ClCompile>
    <ClCompile Include="Log.cpp">
      <Filter>Source Files</Filter>
    </ClCompile>
    <ClCompile Include="LogShowScreen.cpp">
      <Filter>Source Files</Filter>
    </ClCompile>
    <ClCompile Include="printLogScreen.cpp">
      <Filter>Source Files</Filter>
    </ClCompile>
    <ClCompile Include="printUserLogScreen.cpp">
      <Filter>Source Files</Filter>
    </ClCompile>
    <ClCompile Include="TransferScreen.cpp">
      <Filter>Source Files</Filter>
    </ClCompile>
    <ClCompile Include="TransactionLogger.cpp">
      <Filter>Source Files</Filter>
    </ClCompile>
    <ClCompile Include="TransferLog.cpp">
      <Filter>Source Files</Filter>
    </ClCompile>
    <ClCompile Include="TransferLogScreen.cpp">
      <Filter>Source Files</Filter>
    </ClCompile>
    <ClCompile Include="PasswordHasher.cpp">
      <Filter>Source Files</Filter>
    </ClCompile>
    <ClCompile Include="Currency.cpp">
      <Filter>Source Files</Filter>
    </ClCompile>
    <ClCompile Include="CurrencyExchangeScreen.cpp">
      <Filter>Source Files</Filter>
    </ClCompile>
    <ClCompile Include="ListCurrenciesScreen.cpp">
      <Filter>Source Files</Filter>
    </ClCompile>
    <ClCompile Include="FindCurrencyScreen.cpp">
      <Filter>Source Files</Filter>
    </ClCompile>
    <ClCompile Include="UpdateCurrencyScreen.cpp">
      <Filter>Source Files</Filter>
    </ClCompile>
    <ClCompile Include="CurrencyCalculatorScreen.cpp">
      <Filter>Source Files</Filter>
    </ClCompile>
  </ItemGroup>
  <ItemGroup>
    <ClInclude Include="clsInputValidation.h">
      <Filter>Header Files</Filter>
    </ClInclude>
    <ClInclude Include="Person.h">
      <Filter>Header Files</Filter>
    </ClInclude>
    <ClInclude Include="Client.h">
      <Filter>Header Files</Filter>
    </ClInclude>
    <ClInclude Include="ClientsManager.h">
      <Filter>Header Files</Filter>
    </ClInclude>
    <ClInclude Include="Utility.h">
      <Filter>Header Files</Filter>
    </ClInclude>
    <ClInclude Include="Screen.h">
      <Filter>Header Files</Filter>
    </ClInclude>
    <ClInclude Include="MainScreen.h">
      <Filter>Header Files</Filter>
    </ClInclude>
    <ClInclude Include="ListClientsScreen.h">
      <Filter>Header Files</Filter>
    </ClInclude>
    <ClInclude Include="AddNewClientScreen.h">
      <Filter>Header Files</Filter>
    </ClInclude>
    <ClInclude Include="DeleteClientScreen.h">
      <Filter>Header Files</Filter>
    </ClInclude>
    <ClInclude Include="UpdateClientScreen.h">
      <Filter>Header Files</Filter>
    </ClInclude>
    <ClInclude Include="FindClientScreen.h">
      <Filter>Header Files</Filter>
    </ClInclude>
    <ClInclude Include="TransactionScreen.h">
      <Filter>Header Files</Filter>
    </ClInclude>
    <ClInclude Include="DepositeScreen.h">
      <Filter>Header Files</Filter>
    </ClInclude>
    <ClInclude Include="TransactionsManager.h">
      <Filter>Header Files</Filter>
    </ClInclude>
    <ClInclude Include="WithdrawlScreen.h">
      <Filter>Header Files</Filter>
    </ClInclude>
    <ClInclude Include="ShowTotalBalanceScreen.h">
      <Filter>Header Files</Filter>
    </ClInclude>
    <ClInclude Include="User.h">
      <Filter>Header Files</Filter>
    </ClInclude>
    <ClInclude Include="ManageUsersScreen.h">
      <Filter>Header Files</Filter>
    </ClInclude>
    <ClInclude Include="UsersManager.h">
      <Filter>Header Files</Filter>
    </ClInclude>
    <ClInclude Include="ListUsersScreen.h">
      <Filter>Header Files</Filter>
    </ClInclude>
    <ClInclude Include="AddNewUserScreen.h">
      <Filter>Header Files</Filter>
    </ClInclude>
    <ClInclude Include="DeleteUserScreen.h">
      <Filter>Header Files</Filter>
    </ClInclude>
    <ClInclude Include="UpdateUserScreen.h">
      <Filter>Header Files</Filter>
    </ClInclude>
    <ClInclude Include="FindUserScreen.h">
      <Filter>Header Files</Filter>
    </ClInclude>
    <ClInclude Include="Permissions.h">
      <Filter>Header Files</Filter>
    </ClInclude>
    <ClInclude Include="PermissionsManager.h">
      <Filter>Header Files</Filter>
    </ClInclude>
    <ClInclude Include="ManagePermissionsScreen.h">
      <Filter>Header Files</Filter>
    </ClInclude>
    <ClInclude Include="GrantPermissionScreen.h">
      <Filter>Header Files</Filter>
    </ClInclude>
    <ClInclude Include="RevokePermissionScreen.h">
      <Filter>Header Files</Filter>
    </ClInclude>
    <ClInclude Include="ClearPermissionsScreen.h">
      <Filter>Header Files</Filter>
    </ClInclude>
    <ClInclude Include="ListPermissionsScreen.h">
      <Filter>Header Files</Filter>
    </ClInclude>
    <ClInclude Include="CheckPermissionScreen.h">
      <Filter>Header Files</Filter>
    </ClInclude>
    <ClInclude Include="LoginManager.h">
      <Filter>Header Files</Filter>
    </ClInclude>
    <ClInclude Include="LoginScreen.h">
      <Filter>Header Files</Filter>
    </ClInclude>
    <ClInclude Include="Session.h">
      <Filter>Header Files</Filter>
    </ClInclude>
    <ClInclude Include="ChangeOutputColor.h">
      <Filter>Header Files</Filter>
    </ClInclude>
    <ClInclude Include="DateTime.h">
      <Filter>Header Files</Filter>
    </ClInclude>
    <ClInclude Include="Logger.h">
      <Filter>Header Files</Filter>
    </ClInclude>
    <ClInclude Include="Log.h">
      <Filter>Header Files</Filter>
    </ClInclude>
    <ClInclude Include="LogShowScreen.h">
      <Filter>Header Files</Filter>
    </ClInclude>
    <ClInclude Include="printLogScreen.h">
      <Filter>Header Files</Filter>
    </ClInclude>
    <ClInclude Include="printUserLogScreen.h">
      <Filter>Header Files</Filter>
    </ClInclude>
    <ClInclude Include="TransferScreen.h">
      <Filter>Header Files</Filter>
    </ClInclude>
    <ClInclude Include="TransactionLogger.h">
      <Filter>Header Files</Filter>
    </ClInclude>
    <ClInclude Include="TransferLog.h">
      <Filter>Header Files</Filter>
    </ClInclude>
    <ClInclude Include="TransferLogScreen.h">
      <Filter>Header Files</Filter>
    </ClInclude>
    <ClInclude Include="PasswordHasher.h">
      <Filter>Header Files</Filter>
    </ClInclude>
    <ClInclude Include="Currency.h">
      <Filter>Header Files</Filter>
    </ClInclude>
    <ClInclude Include="CurrencyExchangeScreen.h">
      <Filter>Header Files</Filter>
    </ClInclude>
    <ClInclude Include="ListCurrenciesScreen.h">
      <Filter>Header Files</Filter>
    </ClInclude>
    <ClInclude Include="FindCurrencyScreen.h">
      <Filter>Header Files</Filter>
    </ClInclude>
    <ClInclude Include="UpdateCurrencyScreen.h">
      <Filter>Header Files</Filter>
    </ClInclude>
    <ClInclude Include="CurrencyCalculatorScreen.h">
      <Filter>Header Files</Filter>
    </ClInclude>
  </ItemGroup>
</Project>